
Microsoft Visual Studio Solution File, Format Version 12.00
# Visual Studio Version 17
VisualStudioVersion = 17.4.33205.214
MinimumVisualStudioVersion = 10.0.40219.1
Project("{FAE04EC0-301F-11D3-BF4B-00C04F79EFBC}") = "FoodLovers", "FoodLovers\FoodLovers.csproj", "{7959C8F7-42D7-4A10-A75E-063B074278F9}"
EndProject
Global
	GlobalSection(SolutionConfigurationPlatforms) = preSolution
		Debug|Any CPU = Debug|Any CPU
		Release|Any CPU = Release|Any CPU
	EndGlobalSection
	GlobalSection(ProjectConfigurationPlatforms) = postSolution
		{7959C8F7-42D7-4A10-A75E-063B074278F9}.Debug|Any CPU.ActiveCfg = Debug|Any CPU
		{7959C8F7-42D7-4A10-A75E-063B074278F9}.Debug|Any CPU.Build.0 = Debug|Any CPU
		{7959C8F7-42D7-4A10-A75E-063B074278F9}.Release|Any CPU.ActiveCfg = Release|Any CPU
		{7959C8F7-42D7-4A10-A75E-063B074278F9}.Release|Any CPU.Build.0 = Release|Any CPU
	EndGlobalSection
	GlobalSection(SolutionProperties) = preSolution
		HideSolutionNode = FALSE
	EndGlobalSection
	GlobalSection(ExtensibilityGlobals) = postSolution
		SolutionGuid = {222128E8-8484-4DB1-82DB-DD62EE719E9F}
	EndGlobalSection
EndGlobal
